
Microsoft Visual Studio Solution File, Format Version 12.00
# Visual Studio 15
VisualStudioVersion = 15.0.26009.0
MinimumVisualStudioVersion = 10.0.40219.1
Project("{2150E333-8FDC-42A3-9474-1A3956D46DE8}") = "Solution Items", "Solution Items", "{CFB2FEBC-E01A-44DF-B709-D13C04F27A67}"
EndProject
Project("{FAE04EC0-301F-11D3-BF4B-00C04F79EFBC}") = "Culture", "CSharpSC\Culture\Culture.csproj", "{D91ABD7E-3732-4F6C-8FFB-D0AC4377A4F7}"
EndProject
Project("{FAE04EC0-301F-11D3-BF4B-00C04F79EFBC}") = "Cardinality", "CSharpSC\Cardinality\Cardinality\Cardinality.csproj", "{C4412AAE-F650-4506-B124-4509723E1E14}"
EndProject
Project("{FAE04EC0-301F-11D3-BF4B-00C04F79EFBC}") = "Dispose", "CSharpSC\Dispose\Dispose.csproj", "{AF5E1736-F8FA-4566-AAEA-6CDBEA838FFA}"
EndProject
Project("{FAE04EC0-301F-11D3-BF4B-00C04F79EFBC}") = "Equals", "CSharpSC\Equals\Equals.csproj", "{D13ED79E-F801-48AA-BB31-DC0B350DF7E2}"
EndProject
Project("{FAE04EC0-301F-11D3-BF4B-00C04F79EFBC}") = "ExceptionFilter", "CSharpSC\ExceptionFilter\ExceptionFilter.csproj", "{4924A20C-EA9F-4AE2-A968-EEB117CD42A2}"
EndProject
Project("{FAE04EC0-301F-11D3-BF4B-00C04F79EFBC}") = "ExceptionHierarchy", "CSharpSC\ExceptionHierarchy\ExceptionHierarchy.csproj", "{2E398D89-8913-46A9-A6E2-7953EC23D24B}"
EndProject
Project("{FAE04EC0-301F-11D3-BF4B-00C04F79EFBC}") = "Exceptions", "CSharpSC\Exceptions\Exceptions.csproj", "{72D2167C-EC65-433E-B01E-5EA641E30055}"
EndProject
Project("{FAE04EC0-301F-11D3-BF4B-00C04F79EFBC}") = "FinalEscape", "CSharpSC\FinalEscape\FinalEscape.csproj", "{D00EA82E-5C3F-41CF-A15D-285DC5C2757A}"
EndProject
Project("{FAE04EC0-301F-11D3-BF4B-00C04F79EFBC}") = "FPinput", "CSharpSC\FPinput\FPinput.csproj", "{DE57DBE6-0C4D-4E50-95BA-04975C39FA22}"
EndProject
Project("{FAE04EC0-301F-11D3-BF4B-00C04F79EFBC}") = "IntegerComparator", "CSharpSC\IntegerComparator\IntegerComparator\IntegerComparator.csproj", "{661A9944-8C4F-41A2-AB3B-F7A39A9C5457}"
EndProject
Project("{FAE04EC0-301F-11D3-BF4B-00C04F79EFBC}") = "NonCLSExceptions", "CSharpSC\NonCLSExceptions\NonCLSExceptions.csproj", "{005310F6-6813-4095-93AC-ADE470A1BEFE}"
EndProject
Project("{FAE04EC0-301F-11D3-BF4B-00C04F79EFBC}") = "NormB4Validate", "CSharpSC\NormB4Validate\NormB4Validate.csproj", "{996DEC01-A4B6-4141-B5C8-E879A6FB5945}"
EndProject
Project("{FAE04EC0-301F-11D3-BF4B-00C04F79EFBC}") = "NullableTypes", "CSharpSC\NullableTypes\NullableTypes.csproj", "{0E564E79-FBC4-4917-9314-B178876DBB53}"
EndProject
Project("{FAE04EC0-301F-11D3-BF4B-00C04F79EFBC}") = "PublicExceptions", "CSharpSC\PublicExceptions\PublicExceptions.csproj", "{C1DD4BFD-7B29-433A-87CA-0D32A1C26149}"
EndProject
Project("{FAE04EC0-301F-11D3-BF4B-00C04F79EFBC}") = "StringIntern", "CSharpSC\StringIntern\StringIntern.csproj", "{9E8ECB4A-B682-45C2-A42A-52EBF17AE6FA}"
EndProject
Project("{FAE04EC0-301F-11D3-BF4B-00C04F79EFBC}") = "TryFinally", "CSharpSC\TryFinally\TryFinally.csproj", "{15997023-FB2C-4C26-B702-E2FF64613FFC}"
EndProject
Project("{FAE04EC0-301F-11D3-BF4B-00C04F79EFBC}") = "TrimString", "CSharpSC\TrimString\TrimString.csproj", "{D15056E8-A578-4E59-8312-12845CC14217}"
EndProject
Project("{FAE04EC0-301F-11D3-BF4B-00C04F79EFBC}") = "TwoDPoint", "CSharpSC\TwoDPoint\TwoDPoint.csproj", "{3CFDDC52-5770-4EF1-AC13-2FFFF6F453E6}"
EndProject
Project("{FAE04EC0-301F-11D3-BF4B-00C04F79EFBC}") = "Dimensions", "CSharpSC\Dimensions\Dimensions.csproj", "{BA608709-43B4-4285-B779-862DB3EEA340}"
EndProject
Project("{FAE04EC0-301F-11D3-BF4B-00C04F79EFBC}") = "ArrayEquals", "CSharpSC\ArrayEquals\ArrayEquals.csproj", "{8C9D3F97-5C61-4C7A-8D59-3232E46A80B2}"
EndProject
Project("{FAE04EC0-301F-11D3-BF4B-00C04F79EFBC}") = "DivideException", "CSharpSC\divideException\DivideException.csproj", "{7CE4062A-55DB-4436-BE47-5D6C153E858E}"
EndProject
Project("{FAE04EC0-301F-11D3-BF4B-00C04F79EFBC}") = "StructVsClass", "CSharpSC\StructVsClass\StructVsClass.csproj", "{97C934C4-6573-4FE3-87E0-A91A174ECECD}"
EndProject
Project("{FAE04EC0-301F-11D3-BF4B-00C04F79EFBC}") = "BufferedOutput", "CSharpSC\BufferedOutput\BufferedOutput.csproj", "{4C3C618C-F463-4736-9ADD-DC11D8D6E346}"
EndProject
Project("{FAE04EC0-301F-11D3-BF4B-00C04F79EFBC}") = "DisposableField", "CSharpSC\DisposableField\DisposableField.csproj", "{FEB01AF5-2F93-4EBC-9649-DA6F4527A6E3}"
EndProject
Project("{FAE04EC0-301F-11D3-BF4B-00C04F79EFBC}") = "MultiDispose", "CSharpSC\MultiDispose\MultiDispose.csproj", "{081D73CC-9503-42B1-B26B-DD7AEDE1EDD7}"
EndProject
Project("{FAE04EC0-301F-11D3-BF4B-00C04F79EFBC}") = "MyComplexWindow", "CSharpSC\MyComplexWindow\MyComplexWindow.csproj", "{86616295-2B1B-4CE1-94C7-CC4DCFF68141}"
EndProject
Project("{FAE04EC0-301F-11D3-BF4B-00C04F79EFBC}") = "Rollback", "CSharpSC\Rollback\Rollback.csproj", "{294723D4-7314-4B72-B813-1E42F881C159}"
EndProject
Project("{FAE04EC0-301F-11D3-BF4B-00C04F79EFBC}") = "UseSafeHandle", "CSharpSC\UseSafeHandle\UseSafeHandle.csproj", "{EB944710-53A1-4DE4-BD98-E5085636004A}"
EndProject
Global
	GlobalSection(SolutionConfigurationPlatforms) = preSolution
		Debug|Any CPU = Debug|Any CPU
		Release|Any CPU = Release|Any CPU
	EndGlobalSection
	GlobalSection(ProjectConfigurationPlatforms) = postSolution
		{D91ABD7E-3732-4F6C-8FFB-D0AC4377A4F7}.Debug|Any CPU.ActiveCfg = Debug|Any CPU
		{D91ABD7E-3732-4F6C-8FFB-D0AC4377A4F7}.Debug|Any CPU.Build.0 = Debug|Any CPU
		{D91ABD7E-3732-4F6C-8FFB-D0AC4377A4F7}.Release|Any CPU.ActiveCfg = Release|Any CPU
		{D91ABD7E-3732-4F6C-8FFB-D0AC4377A4F7}.Release|Any CPU.Build.0 = Release|Any CPU
		{C4412AAE-F650-4506-B124-4509723E1E14}.Debug|Any CPU.ActiveCfg = Debug|Any CPU
		{C4412AAE-F650-4506-B124-4509723E1E14}.Debug|Any CPU.Build.0 = Debug|Any CPU
		{C4412AAE-F650-4506-B124-4509723E1E14}.Release|Any CPU.ActiveCfg = Release|Any CPU
		{C4412AAE-F650-4506-B124-4509723E1E14}.Release|Any CPU.Build.0 = Release|Any CPU
		{AF5E1736-F8FA-4566-AAEA-6CDBEA838FFA}.Debug|Any CPU.ActiveCfg = Debug|Any CPU
		{AF5E1736-F8FA-4566-AAEA-6CDBEA838FFA}.Debug|Any CPU.Build.0 = Debug|Any CPU
		{AF5E1736-F8FA-4566-AAEA-6CDBEA838FFA}.Release|Any CPU.ActiveCfg = Release|Any CPU
		{AF5E1736-F8FA-4566-AAEA-6CDBEA838FFA}.Release|Any CPU.Build.0 = Release|Any CPU
		{D13ED79E-F801-48AA-BB31-DC0B350DF7E2}.Debug|Any CPU.ActiveCfg = Debug|Any CPU
		{D13ED79E-F801-48AA-BB31-DC0B350DF7E2}.Debug|Any CPU.Build.0 = Debug|Any CPU
		{D13ED79E-F801-48AA-BB31-DC0B350DF7E2}.Release|Any CPU.ActiveCfg = Release|Any CPU
		{D13ED79E-F801-48AA-BB31-DC0B350DF7E2}.Release|Any CPU.Build.0 = Release|Any CPU
		{4924A20C-EA9F-4AE2-A968-EEB117CD42A2}.Debug|Any CPU.ActiveCfg = Debug|Any CPU
		{4924A20C-EA9F-4AE2-A968-EEB117CD42A2}.Debug|Any CPU.Build.0 = Debug|Any CPU
		{4924A20C-EA9F-4AE2-A968-EEB117CD42A2}.Release|Any CPU.ActiveCfg = Release|Any CPU
		{4924A20C-EA9F-4AE2-A968-EEB117CD42A2}.Release|Any CPU.Build.0 = Release|Any CPU
		{2E398D89-8913-46A9-A6E2-7953EC23D24B}.Debug|Any CPU.ActiveCfg = Debug|Any CPU
		{2E398D89-8913-46A9-A6E2-7953EC23D24B}.Debug|Any CPU.Build.0 = Debug|Any CPU
		{2E398D89-8913-46A9-A6E2-7953EC23D24B}.Release|Any CPU.ActiveCfg = Release|Any CPU
		{2E398D89-8913-46A9-A6E2-7953EC23D24B}.Release|Any CPU.Build.0 = Release|Any CPU
		{72D2167C-EC65-433E-B01E-5EA641E30055}.Debug|Any CPU.ActiveCfg = Debug|Any CPU
		{72D2167C-EC65-433E-B01E-5EA641E30055}.Debug|Any CPU.Build.0 = Debug|Any CPU
		{72D2167C-EC65-433E-B01E-5EA641E30055}.Release|Any CPU.ActiveCfg = Release|Any CPU
		{72D2167C-EC65-433E-B01E-5EA641E30055}.Release|Any CPU.Build.0 = Release|Any CPU
		{D00EA82E-5C3F-41CF-A15D-285DC5C2757A}.Debug|Any CPU.ActiveCfg = Debug|Any CPU
		{D00EA82E-5C3F-41CF-A15D-285DC5C2757A}.Debug|Any CPU.Build.0 = Debug|Any CPU
		{D00EA82E-5C3F-41CF-A15D-285DC5C2757A}.Release|Any CPU.ActiveCfg = Release|Any CPU
		{D00EA82E-5C3F-41CF-A15D-285DC5C2757A}.Release|Any CPU.Build.0 = Release|Any CPU
		{DE57DBE6-0C4D-4E50-95BA-04975C39FA22}.Debug|Any CPU.ActiveCfg = Debug|Any CPU
		{DE57DBE6-0C4D-4E50-95BA-04975C39FA22}.Debug|Any CPU.Build.0 = Debug|Any CPU
		{DE57DBE6-0C4D-4E50-95BA-04975C39FA22}.Release|Any CPU.ActiveCfg = Release|Any CPU
		{DE57DBE6-0C4D-4E50-95BA-04975C39FA22}.Release|Any CPU.Build.0 = Release|Any CPU
		{661A9944-8C4F-41A2-AB3B-F7A39A9C5457}.Debug|Any CPU.ActiveCfg = Debug|Any CPU
		{661A9944-8C4F-41A2-AB3B-F7A39A9C5457}.Debug|Any CPU.Build.0 = Debug|Any CPU
		{661A9944-8C4F-41A2-AB3B-F7A39A9C5457}.Release|Any CPU.ActiveCfg = Release|Any CPU
		{661A9944-8C4F-41A2-AB3B-F7A39A9C5457}.Release|Any CPU.Build.0 = Release|Any CPU
		{005310F6-6813-4095-93AC-ADE470A1BEFE}.Debug|Any CPU.ActiveCfg = Debug|Any CPU
		{005310F6-6813-4095-93AC-ADE470A1BEFE}.Debug|Any CPU.Build.0 = Debug|Any CPU
		{005310F6-6813-4095-93AC-ADE470A1BEFE}.Release|Any CPU.ActiveCfg = Release|Any CPU
		{005310F6-6813-4095-93AC-ADE470A1BEFE}.Release|Any CPU.Build.0 = Release|Any CPU
		{996DEC01-A4B6-4141-B5C8-E879A6FB5945}.Debug|Any CPU.ActiveCfg = Debug|Any CPU
		{996DEC01-A4B6-4141-B5C8-E879A6FB5945}.Debug|Any CPU.Build.0 = Debug|Any CPU
		{996DEC01-A4B6-4141-B5C8-E879A6FB5945}.Release|Any CPU.ActiveCfg = Release|Any CPU
		{996DEC01-A4B6-4141-B5C8-E879A6FB5945}.Release|Any CPU.Build.0 = Release|Any CPU
		{0E564E79-FBC4-4917-9314-B178876DBB53}.Debug|Any CPU.ActiveCfg = Debug|Any CPU
		{0E564E79-FBC4-4917-9314-B178876DBB53}.Debug|Any CPU.Build.0 = Debug|Any CPU
		{0E564E79-FBC4-4917-9314-B178876DBB53}.Release|Any CPU.ActiveCfg = Release|Any CPU
		{0E564E79-FBC4-4917-9314-B178876DBB53}.Release|Any CPU.Build.0 = Release|Any CPU
		{C1DD4BFD-7B29-433A-87CA-0D32A1C26149}.Debug|Any CPU.ActiveCfg = Debug|Any CPU
		{C1DD4BFD-7B29-433A-87CA-0D32A1C26149}.Debug|Any CPU.Build.0 = Debug|Any CPU
		{C1DD4BFD-7B29-433A-87CA-0D32A1C26149}.Release|Any CPU.ActiveCfg = Release|Any CPU
		{C1DD4BFD-7B29-433A-87CA-0D32A1C26149}.Release|Any CPU.Build.0 = Release|Any CPU
		{9E8ECB4A-B682-45C2-A42A-52EBF17AE6FA}.Debug|Any CPU.ActiveCfg = Debug|Any CPU
		{9E8ECB4A-B682-45C2-A42A-52EBF17AE6FA}.Debug|Any CPU.Build.0 = Debug|Any CPU
		{9E8ECB4A-B682-45C2-A42A-52EBF17AE6FA}.Release|Any CPU.ActiveCfg = Release|Any CPU
		{9E8ECB4A-B682-45C2-A42A-52EBF17AE6FA}.Release|Any CPU.Build.0 = Release|Any CPU
		{15997023-FB2C-4C26-B702-E2FF64613FFC}.Debug|Any CPU.ActiveCfg = Debug|Any CPU
		{15997023-FB2C-4C26-B702-E2FF64613FFC}.Debug|Any CPU.Build.0 = Debug|Any CPU
		{15997023-FB2C-4C26-B702-E2FF64613FFC}.Release|Any CPU.ActiveCfg = Release|Any CPU
		{15997023-FB2C-4C26-B702-E2FF64613FFC}.Release|Any CPU.Build.0 = Release|Any CPU
		{D15056E8-A578-4E59-8312-12845CC14217}.Debug|Any CPU.ActiveCfg = Debug|Any CPU
		{D15056E8-A578-4E59-8312-12845CC14217}.Debug|Any CPU.Build.0 = Debug|Any CPU
		{D15056E8-A578-4E59-8312-12845CC14217}.Release|Any CPU.ActiveCfg = Release|Any CPU
		{D15056E8-A578-4E59-8312-12845CC14217}.Release|Any CPU.Build.0 = Release|Any CPU
		{3CFDDC52-5770-4EF1-AC13-2FFFF6F453E6}.Debug|Any CPU.ActiveCfg = Debug|Any CPU
		{3CFDDC52-5770-4EF1-AC13-2FFFF6F453E6}.Debug|Any CPU.Build.0 = Debug|Any CPU
		{3CFDDC52-5770-4EF1-AC13-2FFFF6F453E6}.Release|Any CPU.ActiveCfg = Release|Any CPU
		{3CFDDC52-5770-4EF1-AC13-2FFFF6F453E6}.Release|Any CPU.Build.0 = Release|Any CPU
		{BA608709-43B4-4285-B779-862DB3EEA340}.Debug|Any CPU.ActiveCfg = Debug|Any CPU
		{BA608709-43B4-4285-B779-862DB3EEA340}.Debug|Any CPU.Build.0 = Debug|Any CPU
		{BA608709-43B4-4285-B779-862DB3EEA340}.Release|Any CPU.ActiveCfg = Release|Any CPU
		{BA608709-43B4-4285-B779-862DB3EEA340}.Release|Any CPU.Build.0 = Release|Any CPU
		{8C9D3F97-5C61-4C7A-8D59-3232E46A80B2}.Debug|Any CPU.ActiveCfg = Debug|Any CPU
		{8C9D3F97-5C61-4C7A-8D59-3232E46A80B2}.Debug|Any CPU.Build.0 = Debug|Any CPU
		{8C9D3F97-5C61-4C7A-8D59-3232E46A80B2}.Release|Any CPU.ActiveCfg = Release|Any CPU
		{8C9D3F97-5C61-4C7A-8D59-3232E46A80B2}.Release|Any CPU.Build.0 = Release|Any CPU
		{7CE4062A-55DB-4436-BE47-5D6C153E858E}.Debug|Any CPU.ActiveCfg = Debug|Any CPU
		{7CE4062A-55DB-4436-BE47-5D6C153E858E}.Debug|Any CPU.Build.0 = Debug|Any CPU
		{7CE4062A-55DB-4436-BE47-5D6C153E858E}.Release|Any CPU.ActiveCfg = Release|Any CPU
		{7CE4062A-55DB-4436-BE47-5D6C153E858E}.Release|Any CPU.Build.0 = Release|Any CPU
		{97C934C4-6573-4FE3-87E0-A91A174ECECD}.Debug|Any CPU.ActiveCfg = Debug|Any CPU
		{97C934C4-6573-4FE3-87E0-A91A174ECECD}.Debug|Any CPU.Build.0 = Debug|Any CPU
		{97C934C4-6573-4FE3-87E0-A91A174ECECD}.Release|Any CPU.ActiveCfg = Release|Any CPU
		{97C934C4-6573-4FE3-87E0-A91A174ECECD}.Release|Any CPU.Build.0 = Release|Any CPU
		{4C3C618C-F463-4736-9ADD-DC11D8D6E346}.Debug|Any CPU.ActiveCfg = Debug|Any CPU
		{4C3C618C-F463-4736-9ADD-DC11D8D6E346}.Debug|Any CPU.Build.0 = Debug|Any CPU
		{4C3C618C-F463-4736-9ADD-DC11D8D6E346}.Release|Any CPU.ActiveCfg = Release|Any CPU
		{4C3C618C-F463-4736-9ADD-DC11D8D6E346}.Release|Any CPU.Build.0 = Release|Any CPU
		{FEB01AF5-2F93-4EBC-9649-DA6F4527A6E3}.Debug|Any CPU.ActiveCfg = Debug|Any CPU
		{FEB01AF5-2F93-4EBC-9649-DA6F4527A6E3}.Debug|Any CPU.Build.0 = Debug|Any CPU
		{FEB01AF5-2F93-4EBC-9649-DA6F4527A6E3}.Release|Any CPU.ActiveCfg = Release|Any CPU
		{FEB01AF5-2F93-4EBC-9649-DA6F4527A6E3}.Release|Any CPU.Build.0 = Release|Any CPU
		{081D73CC-9503-42B1-B26B-DD7AEDE1EDD7}.Debug|Any CPU.ActiveCfg = Debug|Any CPU
		{081D73CC-9503-42B1-B26B-DD7AEDE1EDD7}.Debug|Any CPU.Build.0 = Debug|Any CPU
		{081D73CC-9503-42B1-B26B-DD7AEDE1EDD7}.Release|Any CPU.ActiveCfg = Release|Any CPU
		{081D73CC-9503-42B1-B26B-DD7AEDE1EDD7}.Release|Any CPU.Build.0 = Release|Any CPU
		{86616295-2B1B-4CE1-94C7-CC4DCFF68141}.Debug|Any CPU.ActiveCfg = Debug|Any CPU
		{86616295-2B1B-4CE1-94C7-CC4DCFF68141}.Debug|Any CPU.Build.0 = Debug|Any CPU
		{86616295-2B1B-4CE1-94C7-CC4DCFF68141}.Release|Any CPU.ActiveCfg = Release|Any CPU
		{86616295-2B1B-4CE1-94C7-CC4DCFF68141}.Release|Any CPU.Build.0 = Release|Any CPU
		{294723D4-7314-4B72-B813-1E42F881C159}.Debug|Any CPU.ActiveCfg = Debug|Any CPU
		{294723D4-7314-4B72-B813-1E42F881C159}.Debug|Any CPU.Build.0 = Debug|Any CPU
		{294723D4-7314-4B72-B813-1E42F881C159}.Release|Any CPU.ActiveCfg = Release|Any CPU
		{294723D4-7314-4B72-B813-1E42F881C159}.Release|Any CPU.Build.0 = Release|Any CPU
		{EB944710-53A1-4DE4-BD98-E5085636004A}.Debug|Any CPU.ActiveCfg = Debug|Any CPU
		{EB944710-53A1-4DE4-BD98-E5085636004A}.Debug|Any CPU.Build.0 = Debug|Any CPU
		{EB944710-53A1-4DE4-BD98-E5085636004A}.Release|Any CPU.ActiveCfg = Release|Any CPU
		{EB944710-53A1-4DE4-BD98-E5085636004A}.Release|Any CPU.Build.0 = Release|Any CPU
	EndGlobalSection
	GlobalSection(SolutionProperties) = preSolution
		HideSolutionNode = FALSE
	EndGlobalSection
	GlobalSection(NestedProjects) = preSolution
		{D91ABD7E-3732-4F6C-8FFB-D0AC4377A4F7} = {CFB2FEBC-E01A-44DF-B709-D13C04F27A67}
		{C4412AAE-F650-4506-B124-4509723E1E14} = {CFB2FEBC-E01A-44DF-B709-D13C04F27A67}
		{AF5E1736-F8FA-4566-AAEA-6CDBEA838FFA} = {CFB2FEBC-E01A-44DF-B709-D13C04F27A67}
		{D13ED79E-F801-48AA-BB31-DC0B350DF7E2} = {CFB2FEBC-E01A-44DF-B709-D13C04F27A67}
		{4924A20C-EA9F-4AE2-A968-EEB117CD42A2} = {CFB2FEBC-E01A-44DF-B709-D13C04F27A67}
		{2E398D89-8913-46A9-A6E2-7953EC23D24B} = {CFB2FEBC-E01A-44DF-B709-D13C04F27A67}
		{72D2167C-EC65-433E-B01E-5EA641E30055} = {CFB2FEBC-E01A-44DF-B709-D13C04F27A67}
		{D00EA82E-5C3F-41CF-A15D-285DC5C2757A} = {CFB2FEBC-E01A-44DF-B709-D13C04F27A67}
		{DE57DBE6-0C4D-4E50-95BA-04975C39FA22} = {CFB2FEBC-E01A-44DF-B709-D13C04F27A67}
		{661A9944-8C4F-41A2-AB3B-F7A39A9C5457} = {CFB2FEBC-E01A-44DF-B709-D13C04F27A67}
		{005310F6-6813-4095-93AC-ADE470A1BEFE} = {CFB2FEBC-E01A-44DF-B709-D13C04F27A67}
		{996DEC01-A4B6-4141-B5C8-E879A6FB5945} = {CFB2FEBC-E01A-44DF-B709-D13C04F27A67}
		{0E564E79-FBC4-4917-9314-B178876DBB53} = {CFB2FEBC-E01A-44DF-B709-D13C04F27A67}
		{C1DD4BFD-7B29-433A-87CA-0D32A1C26149} = {CFB2FEBC-E01A-44DF-B709-D13C04F27A67}
		{9E8ECB4A-B682-45C2-A42A-52EBF17AE6FA} = {CFB2FEBC-E01A-44DF-B709-D13C04F27A67}
		{15997023-FB2C-4C26-B702-E2FF64613FFC} = {CFB2FEBC-E01A-44DF-B709-D13C04F27A67}
		{D15056E8-A578-4E59-8312-12845CC14217} = {CFB2FEBC-E01A-44DF-B709-D13C04F27A67}
		{3CFDDC52-5770-4EF1-AC13-2FFFF6F453E6} = {CFB2FEBC-E01A-44DF-B709-D13C04F27A67}
		{BA608709-43B4-4285-B779-862DB3EEA340} = {CFB2FEBC-E01A-44DF-B709-D13C04F27A67}
		{8C9D3F97-5C61-4C7A-8D59-3232E46A80B2} = {CFB2FEBC-E01A-44DF-B709-D13C04F27A67}
		{7CE4062A-55DB-4436-BE47-5D6C153E858E} = {CFB2FEBC-E01A-44DF-B709-D13C04F27A67}
		{97C934C4-6573-4FE3-87E0-A91A174ECECD} = {CFB2FEBC-E01A-44DF-B709-D13C04F27A67}
		{4C3C618C-F463-4736-9ADD-DC11D8D6E346} = {CFB2FEBC-E01A-44DF-B709-D13C04F27A67}
		{FEB01AF5-2F93-4EBC-9649-DA6F4527A6E3} = {CFB2FEBC-E01A-44DF-B709-D13C04F27A67}
		{081D73CC-9503-42B1-B26B-DD7AEDE1EDD7} = {CFB2FEBC-E01A-44DF-B709-D13C04F27A67}
		{86616295-2B1B-4CE1-94C7-CC4DCFF68141} = {CFB2FEBC-E01A-44DF-B709-D13C04F27A67}
		{294723D4-7314-4B72-B813-1E42F881C159} = {CFB2FEBC-E01A-44DF-B709-D13C04F27A67}
		{EB944710-53A1-4DE4-BD98-E5085636004A} = {CFB2FEBC-E01A-44DF-B709-D13C04F27A67}
	EndGlobalSection
EndGlobal
